
Microsoft Visual Studio Solution File, Format Version 12.00
# Visual Studio Version 16
VisualStudioVersion = 16.0.30309.148
MinimumVisualStudioVersion = 10.0.40219.1
Project("{FAE04EC0-301F-11D3-BF4B-00C04F79EFBC}") = "Quoridor", "Quoridor\Quoridor.csproj", "{75E76C7E-058E-41E1-9DDD-6C5DD317D715}"
EndProject
Global
	GlobalSection(SolutionConfigurationPlatforms) = preSolution
		Debug|Any CPU = Debug|Any CPU
		Release|Any CPU = Release|Any CPU
	EndGlobalSection
	GlobalSection(ProjectConfigurationPlatforms) = postSolution
		{75E76C7E-058E-41E1-9DDD-6C5DD317D715}.Debug|Any CPU.ActiveCfg = Debug|Any CPU
		{75E76C7E-058E-41E1-9DDD-6C5DD317D715}.Debug|Any CPU.Build.0 = Debug|Any CPU
		{75E76C7E-058E-41E1-9DDD-6C5DD317D715}.Release|Any CPU.ActiveCfg = Release|Any CPU
		{75E76C7E-058E-41E1-9DDD-6C5DD317D715}.Release|Any CPU.Build.0 = Release|Any CPU
	EndGlobalSection
	GlobalSection(SolutionProperties) = preSolution
		HideSolutionNode = FALSE
	EndGlobalSection
	GlobalSection(ExtensibilityGlobals) = postSolution
		SolutionGuid = {F4E54CF2-55E9-45B0-9A3A-40C01FCBCF13}
	EndGlobalSection
EndGlobal
